<?xml version="1.0" encoding="utf-8"?>
<Project ToolsVersion="4.0" xmlns="http://schemas.microsoft.com/developer/msbuild/2003">
  <ItemGroup>
    <ClInclude Include="src\Common\Common.h" />
    <ClInclude Include="src\Common\ID.h" />
    <ClInclude Include="src\Function\World\Component\Transformer.h" />
    <ClInclude Include="src\Function\World\Component\Script.h" />
    <ClInclude Include="src\Function\Renderer\WindowSystem.h" />
    <ClInclude Include="src\Function\Renderer\RendererSystem.h" />
    <ClInclude Include="src\Function\Resource\GameLoader.h" />
    <ClInclude Include="src\Common\DataTypes.h" />
    <ClInclude Include="src\Utility\MathTypes.h" />
    <ClInclude Include="src\Utility\Math.h" />
    <ClInclude Include="src\Function\Renderer\RHI.h" />
    <ClInclude Include="src\Function\Renderer\DX12\DX12RHI.h" />
    <ClInclude Include="src\Function\Renderer\DX12\DX12Common.h" />
    <ClInclude Include="src\Function\Renderer\DX12\DX12Command.h" />
    <ClInclude Include="src\Function\Renderer\DX12\DX12Resource.h" />
    <ClInclude Include="src\Function\Renderer\DX12\DX12Surface.h" />
    <ClInclude Include="src\Utility\Pool.h" />
    <ClInclude Include="src\Function\Renderer\DX12\DX12Helper.h" />
    <ClInclude Include="src\Utility\IO.h" />
    <ClInclude Include="src\Function\Renderer\DX12\DX12Upload.h" />
    <ClInclude Include="src\Function\World\ECS\ECSCommon.h" />
    <ClInclude Include="src\Function\World\ECS\ComponentContainer.h" />
    <ClInclude Include="src\Function\World\ECS\ComponentManager.h" />
    <ClInclude Include="src\Function\World\ECS\ECS.h" />
    <ClInclude Include="src\Function\World\ECS\EntityManager.h" />
    <ClInclude Include="src\Function\World\ECS\SystemManager.h" />
    <ClInclude Include="src\Function\World\ECS\TestECS.h" />
    <ClInclude Include="src\Utility\Allocator.h" />
    <ClInclude Include="src\Utility\IOFile.h" />
    <ClInclude Include="src\Function\World\Component\Camera.h" />
    <ClInclude Include="src\Function\World\Component\Component.h" />
    <ClInclude Include="src\Function\Core\Engine.h" />
    <ClInclude Include="src\Function\Core\Timer.h" />
    <ClInclude Include="src\Function\Resource\AssetSystem.h" />
    <ClInclude Include="src\Function\Renderer\DX12\DX12RootParameter.h" />
    <ClInclude Include="src\Function\Core\RuntimeContext.h" />
    <ClInclude Include="src\Function\Resource\AssetCommon.h" />
    <ClInclude Include="src\Function\Resource\ConfigSystem.h" />
    <ClInclude Include="src\Function\Renderer\RenderCommon.h" />
    <ClInclude Include="src\Utility\Reflection\DataCategory.h" />
    <ClInclude Include="src\Utility\Reflection\Reflection.h" />
    <ClInclude Include="src\Utility\Reflection\Serializer.h" />
    <ClInclude Include="src\Tool\Geometry\GeometrySystem.h" />
    <ClInclude Include="src\Function\Resource\ResourceType\MeshData.h" />
    <ClInclude Include="src\Tool\Geometry\FBXImporter.h" />
    <ClInclude Include="src\Function\World\Component\NativeScript.h" />
    <ClInclude Include="src\Function\Script\ScriptableEntity.h" />
    <ClInclude Include="src\Function\World\Scene.h" />
    <ClInclude Include="src\Common\Singleton.h" />
    <ClInclude Include="src\Common\Macro.h" />
    <ClInclude Include="src\Function\Renderer\CBuffer.h" />
    <ClInclude Include="src\Function\World\Entity.h" />
    <ClInclude Include="src\Function\World\Component\Light.h" />
    <ClInclude Include="src\Function\Renderer\DX12\DX12CBuffer.h" />
    <ClInclude Include="src\Function\Renderer\DX12\d3dx12.h" />
    <ClInclude Include="src\Function\Renderer\Pass\RenderPipeline.h" />
    <ClInclude Include="src\Function\Renderer\Pass\RenderPassBase.h" />
    <ClInclude Include="src\Function\Renderer\Pass\ShadowPass.h" />
    <ClInclude Include="src\Common\Ref.h" />
    <ClInclude Include="src\Function\Renderer\RenderItem.h" />
    <ClInclude Include="src\Common\WindowsCommon.h" />
    <ClInclude Include="src\Function\Renderer\Mesh.h" />
    <ClInclude Include="src\Function\Renderer\Material.h" />
    <ClInclude Include="src\Function\Renderer\Shader.h" />
    <ClInclude Include="src\Function\Renderer\RenderBuffer.h" />
    <ClInclude Include="src\Function\Renderer\DX12\DX12Mesh.h" />
    <ClInclude Include="src\Function\Renderer\DX12\DX12RenderBuffer.h" />
    <ClInclude Include="src\Function\Renderer\DX12\DX12Shader.h" />
    <ClInclude Include="src\Function\Renderer\Texture.h" />
    <ClInclude Include="src\Function\Renderer\DX12\DX12ImageTexture.h" />
    <ClInclude Include="src\Function\Renderer\DX12\DX12RenderTarget.h" />
    <ClInclude Include="src\Function\Renderer\DepthStencilState.h" />
    <ClInclude Include="src\Function\Renderer\DX12\DX12DepthStencilState.h" />
    <ClInclude Include="src\Function\Renderer\RasterizerState.h" />
    <ClInclude Include="src\Function\Renderer\DX12\DX12RasterizerState.h" />
    <ClInclude Include="src\Function\Renderer\DX12\DX12Material.h" />
    <ClInclude Include="src\Function\Renderer\DX12\DX12RenderItem.h" />
    <ClInclude Include="src\Function\World\Component\MeshRenderComponent.h" />
    <ClInclude Include="src\Function\Renderer\Pass\MeshLightPass.h" />
    <ClInclude Include="src\Function\Renderer\Pass\PostProcessPass.h" />
    <ClInclude Include="src\Function\Renderer\DX12\DX12RootSignature.h" />
    <ClInclude Include="src\Function\Renderer\DX12\DX12GPUVisibleDescriptorHeap.h" />
    <ClInclude Include="src\Function\Renderer\RenderContext.h" />
    <ClInclude Include="src\Function\Renderer\DX12\DX12RenderContext.h" />
  </ItemGroup>
  <ItemGroup>
    <ClCompile Include="src\Function\Core\Engine.cpp" />
    <ClCompile Include="src\Function\Renderer\WindowSystem.cpp" />
    <ClCompile Include="src\Function\Renderer\RendererSystem.cpp" />
    <ClCompile Include="src\Function\Renderer\DX12\DX12Command.cpp" />
    <ClCompile Include="src\Function\Renderer\DX12\DX12Resource.cpp" />
    <ClCompile Include="src\Function\Renderer\DX12\DX12Surface.cpp" />
    <ClCompile Include="src\Function\Renderer\DX12\DX12Helper.cpp" />
    <ClCompile Include="src\Function\Renderer\DX12\DX12Upload.cpp" />
    <ClCompile Include="src\Utility\Allocator.cpp" />
    <ClCompile Include="src\Function\World\Component\Camera.cpp" />
    <ClCompile Include="src\Function\World\Component\Transformer.cpp" />
    <ClCompile Include="src\Function\Renderer\DX12\DX12RHI.cpp" />
    <ClCompile Include="src\Function\Core\RuntimeContext.cpp" />
    <ClCompile Include="src\Tool\Geometry\GeometrySystem.cpp" />
    <ClCompile Include="src\Tool\Geometry\FBXImporter.cpp" />
    <ClCompile Include="src\Function\Renderer\CBuffer.cpp" />
    <ClCompile Include="src\Function\World\Scene.cpp" />
    <ClCompile Include="src\Function\World\Entity.cpp" />
    <ClCompile Include="src\Function\Renderer\RHI.cpp" />
    <ClCompile Include="src\Function\Renderer\DX12\DX12CBuffer.cpp" />
    <ClCompile Include="src\Function\Renderer\Pass\RenderPipeline.cpp" />
    <ClCompile Include="src\Function\Renderer\Pass\ShadowPass.cpp" />
    <ClCompile Include="src\Function\World\Component\Light.cpp" />
    <ClCompile Include="src\Function\Renderer\DX12\DX12Mesh.cpp" />
    <ClCompile Include="src\Function\Renderer\DX12\DX12RenderBuffer.cpp" />
    <ClCompile Include="src\Function\Renderer\DX12\DX12Shader.cpp" />
    <ClCompile Include="src\Function\Renderer\Texture.cpp" />
    <ClCompile Include="src\Function\Renderer\DX12\DX12ImageTexture.cpp" />
    <ClCompile Include="src\Function\Renderer\DX12\DX12RenderTarget.cpp" />
    <ClCompile Include="src\Function\Renderer\DX12\DX12DepthStencilState.cpp" />
    <ClCompile Include="src\Function\Renderer\DX12\DX12RasterizerState.cpp" />
    <ClCompile Include="src\Function\Renderer\Material.cpp" />
    <ClCompile Include="src\Function\Renderer\DX12\DX12Material.cpp" />
    <ClCompile Include="src\Function\Renderer\DepthStencilState.cpp" />
    <ClCompile Include="src\Function\Renderer\RasterizerState.cpp" />
    <ClCompile Include="src\Function\Renderer\DX12\DX12RenderItem.cpp" />
    <ClCompile Include="src\Function\Renderer\RenderItem.cpp" />
    <ClCompile Include="src\Function\World\Component\MeshRenderComponent.cpp" />
    <ClCompile Include="src\Function\Renderer\Pass\MeshLightPass.cpp" />
    <ClCompile Include="src\Function\Renderer\Pass\PostProcessPass.cpp" />
    <ClCompile Include="src\Function\Renderer\DX12\DX12RootSignature.cpp" />
    <ClCompile Include="src\Function\Renderer\DX12\DX12GPUVisibleDescriptorHeap.cpp" />
    <ClCompile Include="src\Function\Resource\AssetSystem.cpp" />
  </ItemGroup>
  <ItemGroup>
    <None Include="Asset\Shader\HLSL\TriangleVS.hlsl" />
    <None Include="Asset\Shader\HLSL\TrianglePS.hlsl" />
    <None Include="Asset\Shader\HLSL\PostProcessPS.hlsl" />
    <None Include="Asset\Shader\HLSL\Fractal.hlsli" />
    <None Include="Asset\Shader\HLSL\TestShader.hlsl" />
    <None Include="Asset\Shader\HLSL\Common\Common.hlsli" />
    <None Include="Asset\Shader\HLSL\Common\CommonTypes.hlsli" />
    <None Include="Asset\Shader\HLSL\Common\Transform.hlsli" />
    <None Include="Asset\Shader\HLSL\VertexData.hlsli" />
    <None Include="Asset\Shader\HLSL\CBuffer.hlsli" />
    <None Include="Asset\Shader\HLSL\Lighting.hlsli" />
    <None Include="Asset\Shader\HLSL\Common.hlsli" />
    <None Include="Asset\Shader\HLSL\TextureBuffer.hlsli" />
    <None Include="Asset\Shader\HLSL\PostProcessNone.hlsl" />
    <None Include="Asset\Shader\HLSL\ShadowMapping.hlsl" />
    <None Include="Asset\Shader\HLSL\PBR.hlsl" />
  </ItemGroup>
</Project>